
Microsoft Visual Studio Solution File, Format Version 12.00
# Visual Studio Version 16
VisualStudioVersion = 16.0.30907.101
MinimumVisualStudioVersion = 10.0.40219.1
Project("{FAE04EC0-301F-11D3-BF4B-00C04F79EFBC}") = "ConsumeAPI", "ConsumeAPI.csproj", "{4E2B6BD2-1A05-4B71-83B3-5A2C8AD64B1D}"
EndProject
Global
	GlobalSection(SolutionConfigurationPlatforms) = preSolution
		Debug|Any CPU = Debug|Any CPU
		Release|Any CPU = Release|Any CPU
	EndGlobalSection
	GlobalSection(ProjectConfigurationPlatforms) = postSolution
		{4E2B6BD2-1A05-4B71-83B3-5A2C8AD64B1D}.Debug|Any CPU.ActiveCfg = Debug|Any CPU
		{4E2B6BD2-1A05-4B71-83B3-5A2C8AD64B1D}.Debug|Any CPU.Build.0 = Debug|Any CPU
		{4E2B6BD2-1A05-4B71-83B3-5A2C8AD64B1D}.Release|Any CPU.ActiveCfg = Release|Any CPU
		{4E2B6BD2-1A05-4B71-83B3-5A2C8AD64B1D}.Release|Any CPU.Build.0 = Release|Any CPU
	EndGlobalSection
	GlobalSection(SolutionProperties) = preSolution
		HideSolutionNode = FALSE
	EndGlobalSection
	GlobalSection(ExtensibilityGlobals) = postSolution
		SolutionGuid = {1856A1D1-EED2-4A11-AD35-FBEB1EA5D486}
	EndGlobalSection
EndGlobal
